
Microsoft Visual Studio Solution File, Format Version 12.00
# Visual Studio Version 16
VisualStudioVersion = 16.0.30804.86
MinimumVisualStudioVersion = 10.0.40219.1
Project("{FAE04EC0-301F-11D3-BF4B-00C04F79EFBC}") = "BooksAndVideos.App", "BooksAndVideos.App\BooksAndVideos.App.csproj", "{F7970E01-211F-4E22-B809-0D523C3F78E3}"
EndProject
Project("{9A19103F-16F7-4668-BE54-9A1E7A4F7556}") = "BooksAndVideos.Tests", "BooksAndVideos.Tests\BooksAndVideos.Tests.csproj", "{6A2DCBB9-5E2F-4810-98A6-08C57A65197F}"
EndProject
Global
	GlobalSection(SolutionConfigurationPlatforms) = preSolution
		Debug|Any CPU = Debug|Any CPU
		Release|Any CPU = Release|Any CPU
	EndGlobalSection
	GlobalSection(ProjectConfigurationPlatforms) = postSolution
		{F7970E01-211F-4E22-B809-0D523C3F78E3}.Debug|Any CPU.ActiveCfg = Debug|Any CPU
		{F7970E01-211F-4E22-B809-0D523C3F78E3}.Debug|Any CPU.Build.0 = Debug|Any CPU
		{F7970E01-211F-4E22-B809-0D523C3F78E3}.Release|Any CPU.ActiveCfg = Release|Any CPU
		{F7970E01-211F-4E22-B809-0D523C3F78E3}.Release|Any CPU.Build.0 = Release|Any CPU
		{6A2DCBB9-5E2F-4810-98A6-08C57A65197F}.Debug|Any CPU.ActiveCfg = Debug|Any CPU
		{6A2DCBB9-5E2F-4810-98A6-08C57A65197F}.Debug|Any CPU.Build.0 = Debug|Any CPU
		{6A2DCBB9-5E2F-4810-98A6-08C57A65197F}.Release|Any CPU.ActiveCfg = Release|Any CPU
		{6A2DCBB9-5E2F-4810-98A6-08C57A65197F}.Release|Any CPU.Build.0 = Release|Any CPU
	EndGlobalSection
	GlobalSection(SolutionProperties) = preSolution
		HideSolutionNode = FALSE
	EndGlobalSection
	GlobalSection(ExtensibilityGlobals) = postSolution
		SolutionGuid = {937EF7BE-D305-4966-ABB9-BA727366F988}
	EndGlobalSection
EndGlobal
